
Microsoft Visual Studio Solution File, Format Version 12.00
# Visual Studio Version 17
VisualStudioVersion = 17.8.34408.163
MinimumVisualStudioVersion = 10.0.40219.1
Project("{FAE04EC0-301F-11D3-BF4B-00C04F79EFBC}") = "ATM", "ATM\ATM.csproj", "{9F425AFF-08A9-4FF1-809F-BFAC9EE6CCBE}"
EndProject
Global
	GlobalSection(SolutionConfigurationPlatforms) = preSolution
		Debug|Any CPU = Debug|Any CPU
		Release|Any CPU = Release|Any CPU
	EndGlobalSection
	GlobalSection(ProjectConfigurationPlatforms) = postSolution
		{9F425AFF-08A9-4FF1-809F-BFAC9EE6CCBE}.Debug|Any CPU.ActiveCfg = Debug|Any CPU
		{9F425AFF-08A9-4FF1-809F-BFAC9EE6CCBE}.Debug|Any CPU.Build.0 = Debug|Any CPU
		{9F425AFF-08A9-4FF1-809F-BFAC9EE6CCBE}.Release|Any CPU.ActiveCfg = Release|Any CPU
		{9F425AFF-08A9-4FF1-809F-BFAC9EE6CCBE}.Release|Any CPU.Build.0 = Release|Any CPU
	EndGlobalSection
	GlobalSection(SolutionProperties) = preSolution
		HideSolutionNode = FALSE
	EndGlobalSection
	GlobalSection(ExtensibilityGlobals) = postSolution
		SolutionGuid = {109D9148-3187-4BB9-87AA-2BDBFA023D3C}
	EndGlobalSection
EndGlobal
